
Microsoft Visual Studio Solution File, Format Version 12.00
# Visual Studio Version 16
VisualStudioVersion = 16.0.30523.141
MinimumVisualStudioVersion = 10.0.40219.1
Project("{9A19103F-16F7-4668-BE54-9A1E7A4F7556}") = "GridTariffApi", "GridTariffApi\GridTariffApi.csproj", "{7409F122-48CE-4333-AE47-E3662A828E6B}"
EndProject
Project("{2150E333-8FDC-42A3-9474-1A3956D46DE8}") = "CI", "CI", "{041DA3EE-5BB6-47A5-B1D5-4E556FC71FFA}"
	ProjectSection(SolutionItems) = preProject
		CI\azure-pipelines.yaml = CI\azure-pipelines.yaml
		CI\config.dev.yaml = CI\config.dev.yaml
		CI\config.prod.yaml = CI\config.prod.yaml
		CI\config.test.yaml = CI\config.test.yaml
		CI\deploy.yaml = CI\deploy.yaml
	EndProjectSection
EndProject
Project("{9A19103F-16F7-4668-BE54-9A1E7A4F7556}") = "GridTariffApi.Lib.Tests", "GridTariffApi.Lib.Tests\GridTariffApi.Lib.Tests.csproj", "{DB0D0D26-5B4C-4ABB-89BE-F0560E1E61E8}"
EndProject
Project("{9A19103F-16F7-4668-BE54-9A1E7A4F7556}") = "GridTariffApi.Lib", "GridTariffAPI.lib\GridTariffApi.Lib.csproj", "{846917CC-BAF0-4FA3-8B8C-568F85235E31}"
EndProject
Project("{2150E333-8FDC-42A3-9474-1A3956D46DE8}") = "Solution Items", "Solution Items", "{00E99C49-6CBE-4BBB-BA62-85A0F562999B}"
	ProjectSection(SolutionItems) = preProject
		Dockerfile = Dockerfile
		README.md = README.md
	EndProjectSection
EndProject
Global
	GlobalSection(SolutionConfigurationPlatforms) = preSolution
		Debug|Any CPU = Debug|Any CPU
		Release|Any CPU = Release|Any CPU
	EndGlobalSection
	GlobalSection(ProjectConfigurationPlatforms) = postSolution
		{7409F122-48CE-4333-AE47-E3662A828E6B}.Debug|Any CPU.ActiveCfg = Debug|Any CPU
		{7409F122-48CE-4333-AE47-E3662A828E6B}.Debug|Any CPU.Build.0 = Debug|Any CPU
		{7409F122-48CE-4333-AE47-E3662A828E6B}.Release|Any CPU.ActiveCfg = Release|Any CPU
		{7409F122-48CE-4333-AE47-E3662A828E6B}.Release|Any CPU.Build.0 = Release|Any CPU
		{DB0D0D26-5B4C-4ABB-89BE-F0560E1E61E8}.Debug|Any CPU.ActiveCfg = Debug|Any CPU
		{DB0D0D26-5B4C-4ABB-89BE-F0560E1E61E8}.Debug|Any CPU.Build.0 = Debug|Any CPU
		{DB0D0D26-5B4C-4ABB-89BE-F0560E1E61E8}.Release|Any CPU.ActiveCfg = Release|Any CPU
		{DB0D0D26-5B4C-4ABB-89BE-F0560E1E61E8}.Release|Any CPU.Build.0 = Release|Any CPU
		{846917CC-BAF0-4FA3-8B8C-568F85235E31}.Debug|Any CPU.ActiveCfg = Debug|Any CPU
		{846917CC-BAF0-4FA3-8B8C-568F85235E31}.Debug|Any CPU.Build.0 = Debug|Any CPU
		{846917CC-BAF0-4FA3-8B8C-568F85235E31}.Release|Any CPU.ActiveCfg = Release|Any CPU
		{846917CC-BAF0-4FA3-8B8C-568F85235E31}.Release|Any CPU.Build.0 = Release|Any CPU
	EndGlobalSection
	GlobalSection(SolutionProperties) = preSolution
		HideSolutionNode = FALSE
	EndGlobalSection
	GlobalSection(ExtensibilityGlobals) = postSolution
		SolutionGuid = {30BFCFFE-B414-4CD7-AC4D-9F2230EFD3C8}
	EndGlobalSection
EndGlobal
