
Microsoft Visual Studio Solution File, Format Version 12.00
# Visual Studio Version 16
VisualStudioVersion = 16.0.30523.141
MinimumVisualStudioVersion = 10.0.40219.1
Project("{9A19103F-16F7-4668-BE54-9A1E7A4F7556}") = "Kunde.TariffApi", "Kunde.TariffApi\Kunde.TariffApi.csproj", "{7409F122-48CE-4333-AE47-E3662A828E6B}"
EndProject
Project("{2150E333-8FDC-42A3-9474-1A3956D46DE8}") = "CI", "CI", "{1A63B4E4-E9A6-4618-9D17-94B046E0C79F}"
EndProject
Global
	GlobalSection(SolutionConfigurationPlatforms) = preSolution
		Debug|Any CPU = Debug|Any CPU
		Release|Any CPU = Release|Any CPU
	EndGlobalSection
	GlobalSection(ProjectConfigurationPlatforms) = postSolution
		{7409F122-48CE-4333-AE47-E3662A828E6B}.Debug|Any CPU.ActiveCfg = Debug|Any CPU
		{7409F122-48CE-4333-AE47-E3662A828E6B}.Debug|Any CPU.Build.0 = Debug|Any CPU
		{7409F122-48CE-4333-AE47-E3662A828E6B}.Release|Any CPU.ActiveCfg = Release|Any CPU
		{7409F122-48CE-4333-AE47-E3662A828E6B}.Release|Any CPU.Build.0 = Release|Any CPU
	EndGlobalSection
	GlobalSection(SolutionProperties) = preSolution
		HideSolutionNode = FALSE
	EndGlobalSection
	GlobalSection(ExtensibilityGlobals) = postSolution
		SolutionGuid = {30BFCFFE-B414-4CD7-AC4D-9F2230EFD3C8}
	EndGlobalSection
EndGlobal
